# This file is automatically @generated by Poetry 1.8.2 and should not be changed by hand.

[[package]]
name = "colorama"
version = "0.4.6"
description = "Cross-platform colored terminal text."
optional = false
python-versions = "!=3.0.*,!=3.1.*,!=3.2.*,!=3.3.*,!=3.4.*,!=3.5.*,!=3.6.*,>=2.7"
files = [
    {file = "colorama-0.4.6-py2.py3-none-any.whl", hash = "sha256:4f1d9991f5acc0ca119f9d443620b77f9d6b33703e51011c16baf57afb285fc6"},
    {file = "colorama-0.4.6.tar.gz", hash = "sha256:08695f5cb7ed6e0531a20572697297273c47b8cae5a63ffc6d6ed5c201be6e44"},
]

[[package]]
name = "iniconfig"
version = "2.0.0"
description = "brain-dead simple config-ini parsing"
optional = false
python-versions = ">=3.7"
files = [
    {file = "iniconfig-2.0.0-py3-none-any.whl", hash = "sha256:b6a85871a79d2e3b22d2d1b94ac2824226a63c6b741c88f7ae975f18b6778374"},
    {file = "iniconfig-2.0.0.tar.gz", hash = "sha256:2d91e135bf72d31a410b17c16da610a82cb55f6b0477d1a902134b24a455b8b3"},
]

[[package]]
name = "maturin"
version = "1.5.0"
description = "Build and publish crates with pyo3, rust-cpython and cffi bindings as well as rust binaries as python packages"
optional = false
python-versions = ">=3.7"
files = [
    {file = "maturin-1.5.0-py3-none-linux_armv6l.whl", hash = "sha256:0b976116b7cfaafbc8c3f0acfaec6702520c49e86e48ea80e2c282b7f8118c1a"},
    {file = "maturin-1.5.0-py3-none-macosx_10_12_x86_64.macosx_11_0_arm64.macosx_10_12_universal2.whl", hash = "sha256:d277adf9b27143627ba7be7ea254513d3e85008fb16a94638b56884a41b4e5a2"},
    {file = "maturin-1.5.0-py3-none-macosx_10_12_x86_64.whl", hash = "sha256:d6a314472e07b6bdfa4cdf97d24cda1defe008d36d4b75de2efd3383e7a2d7bf"},
    {file = "maturin-1.5.0-py3-none-manylinux_2_12_i686.manylinux2010_i686.musllinux_1_1_i686.whl", hash = "sha256:a5c038ded82c7595d99e94a208aa8af2b5c94eef4c8fcf5ef6e841957e506201"},
    {file = "maturin-1.5.0-py3-none-manylinux_2_12_x86_64.manylinux2010_x86_64.musllinux_1_1_x86_64.whl", hash = "sha256:faa0d099a8045afc9977284cb3a1c26e5ebc9a7f0fe4d53b7ee17f62fd279f4a"},
    {file = "maturin-1.5.0-py3-none-manylinux_2_17_aarch64.manylinux2014_aarch64.musllinux_1_1_aarch64.whl", hash = "sha256:9cba3737cb92ce5c1bd82cbb9b1fde412b2aac8882ac38b8340980f5eb858d8c"},
    {file = "maturin-1.5.0-py3-none-manylinux_2_17_armv7l.manylinux2014_armv7l.musllinux_1_1_armv7l.whl", hash = "sha256:1b29bf8771f27d2e6b2685c82de952b5732ee79e5c0030ffd5dab5ccb99137a1"},
    {file = "maturin-1.5.0-py3-none-manylinux_2_17_ppc64le.manylinux2014_ppc64le.musllinux_1_1_ppc64le.whl", hash = "sha256:f271f315fb78d2ff5fdf60f8d3ada2a04a66ac6fbd3cbb318c4eb4e9766449bc"},
    {file = "maturin-1.5.0-py3-none-manylinux_2_17_s390x.manylinux2014_s390x.whl", hash = "sha256:76e3270ff87b5484976d23e3d88475cd64acf41b54f561263f253d8fca0baab3"},
    {file = "maturin-1.5.0-py3-none-win32.whl", hash = "sha256:eb35dfe5994ad2c34d2874a73720847ecc2adb28f934e9a7cbcdb8826b240e60"},
    {file = "maturin-1.5.0-py3-none-win_amd64.whl", hash = "sha256:b3a499ff5960e46115488e68011809ce99857864ce3a91cf5d0fff3adbd89e8c"},
    {file = "maturin-1.5.0-py3-none-win_arm64.whl", hash = "sha256:2e4c01370a5c10b6c4887bee66d3582bdb38c3805168c1393f072bd266da08d4"},
    {file = "maturin-1.5.0.tar.gz", hash = "sha256:e046ea2aed687991d58c42f6276dfcc0c037092934654f538b5877fd57dd3a9c"},
]

[package.extras]
patchelf = ["patchelf"]
zig = ["ziglang (>=0.10.0,<0.11.0)"]

[[package]]
name = "packaging"
version = "24.0"
description = "Core utilities for Python packages"
optional = false
python-versions = ">=3.7"
files = [
    {file = "packaging-24.0-py3-none-any.whl", hash = "sha256:2ddfb553fdf02fb784c234c7ba6ccc288296ceabec964ad2eae3777778130bc5"},
    {file = "packaging-24.0.tar.gz", hash = "sha256:eb82c5e3e56209074766e6885bb04b8c38a0c015d0a30036ebe7ece34c9989e9"},
]

[[package]]
name = "pluggy"
version = "1.4.0"
description = "plugin and hook calling mechanisms for python"
optional = false
python-versions = ">=3.8"
files = [
    {file = "pluggy-1.4.0-py3-none-any.whl", hash = "sha256:7db9f7b503d67d1c5b95f59773ebb58a8c1c288129a88665838012cfb07b8981"},
    {file = "pluggy-1.4.0.tar.gz", hash = "sha256:8c85c2876142a764e5b7548e7d9a0e0ddb46f5185161049a79b7e974454223be"},
]

[package.extras]
dev = ["pre-commit", "tox"]
testing = ["pytest", "pytest-benchmark"]

[[package]]
name = "pytest"
version = "8.1.1"
description = "pytest: simple powerful testing with Python"
optional = false
python-versions = ">=3.8"
files = [
    {file = "pytest-8.1.1-py3-none-any.whl", hash = "sha256:2a8386cfc11fa9d2c50ee7b2a57e7d898ef90470a7a34c4b949ff59662bb78b7"},
    {file = "pytest-8.1.1.tar.gz", hash = "sha256:ac978141a75948948817d360297b7aae0fcb9d6ff6bc9ec6d514b85d5a65c044"},
]

[package.dependencies]
colorama = {version = "*", markers = "sys_platform == \"win32\""}
iniconfig = "*"
packaging = "*"
pluggy = ">=1.4,<2.0"

[package.extras]
testing = ["argcomplete", "attrs (>=19.2)", "hypothesis (>=3.56)", "mock", "pygments (>=2.7.2)", "requests", "setuptools", "xmlschema"]

[[package]]
name = "xmltodict"
version = "0.13.0"
description = "Makes working with XML feel like you are working with JSON"
optional = false
python-versions = ">=3.4"
files = [
    {file = "xmltodict-0.13.0-py2.py3-none-any.whl", hash = "sha256:aa89e8fd76320154a40d19a0df04a4695fb9dc5ba977cbb68ab3e4eb225e7852"},
    {file = "xmltodict-0.13.0.tar.gz", hash = "sha256:341595a488e3e01a85a9d8911d8912fd922ede5fecc4dce437eb4b6c8d037e56"},
]

[metadata]
lock-version = "2.0"
python-versions = "^3.11"
content-hash = "4c84b4276c2deb780dfae422f1a4f5269dd5c043e89e5ba619e544416abaf59f"
